
Microsoft Visual Studio Solution File, Format Version 12.00
# Visual Studio Version 17
VisualStudioVersion = 17.14.36221.1 d17.14
MinimumVisualStudioVersion = 10.0.40219.1
Project("{FAE04EC0-301F-11D3-BF4B-00C04F79EFBC}") = "ConsumingAPI", "ConsumingAPI\ConsumingAPI.csproj", "{79B75FD8-C6A9-4A5B-8761-02B186286A1F}"
EndProject
Global
	GlobalSection(SolutionConfigurationPlatforms) = preSolution
		Debug|Any CPU = Debug|Any CPU
		Release|Any CPU = Release|Any CPU
	EndGlobalSection
	GlobalSection(ProjectConfigurationPlatforms) = postSolution
		{79B75FD8-C6A9-4A5B-8761-02B186286A1F}.Debug|Any CPU.ActiveCfg = Debug|Any CPU
		{79B75FD8-C6A9-4A5B-8761-02B186286A1F}.Debug|Any CPU.Build.0 = Debug|Any CPU
		{79B75FD8-C6A9-4A5B-8761-02B186286A1F}.Release|Any CPU.ActiveCfg = Release|Any CPU
		{79B75FD8-C6A9-4A5B-8761-02B186286A1F}.Release|Any CPU.Build.0 = Release|Any CPU
	EndGlobalSection
	GlobalSection(SolutionProperties) = preSolution
		HideSolutionNode = FALSE
	EndGlobalSection
	GlobalSection(ExtensibilityGlobals) = postSolution
		SolutionGuid = {A237E795-6702-4096-9DBF-2DADF36A5D66}
	EndGlobalSection
EndGlobal
