
Microsoft Visual Studio Solution File, Format Version 12.00
# Visual Studio Version 17
VisualStudioVersion = 17.14.36221.1
MinimumVisualStudioVersion = 10.0.40219.1
Project("{FAE04EC0-301F-11D3-BF4B-00C04F79EFBC}") = "SBIMFJWT", "SBIMFJWT\SBIMFJWT.csproj", "{1F53B77E-7193-4105-86BD-94812E11AB51}"
EndProject
Project("{FAE04EC0-301F-11D3-BF4B-00C04F79EFBC}") = "ConsumingAPI", "..\ConsumingAPI\ConsumingAPI\ConsumingAPI.csproj", "{171BD209-0AA8-A2AF-FA10-51485F34C7CF}"
EndProject
Project("{FAE04EC0-301F-11D3-BF4B-00C04F79EFBC}") = "APIConsumeInConsoleApplication", "APIConsumeInConsoleApplication\APIConsumeInConsoleApplication.csproj", "{5A456938-F013-4EAD-9A8A-1FF06D4DED73}"
EndProject
Global
	GlobalSection(SolutionConfigurationPlatforms) = preSolution
		Debug|Any CPU = Debug|Any CPU
		Release|Any CPU = Release|Any CPU
	EndGlobalSection
	GlobalSection(ProjectConfigurationPlatforms) = postSolution
		{1F53B77E-7193-4105-86BD-94812E11AB51}.Debug|Any CPU.ActiveCfg = Debug|Any CPU
		{1F53B77E-7193-4105-86BD-94812E11AB51}.Debug|Any CPU.Build.0 = Debug|Any CPU
		{1F53B77E-7193-4105-86BD-94812E11AB51}.Release|Any CPU.ActiveCfg = Release|Any CPU
		{1F53B77E-7193-4105-86BD-94812E11AB51}.Release|Any CPU.Build.0 = Release|Any CPU
		{171BD209-0AA8-A2AF-FA10-51485F34C7CF}.Debug|Any CPU.ActiveCfg = Debug|Any CPU
		{171BD209-0AA8-A2AF-FA10-51485F34C7CF}.Debug|Any CPU.Build.0 = Debug|Any CPU
		{171BD209-0AA8-A2AF-FA10-51485F34C7CF}.Release|Any CPU.ActiveCfg = Release|Any CPU
		{171BD209-0AA8-A2AF-FA10-51485F34C7CF}.Release|Any CPU.Build.0 = Release|Any CPU
		{5A456938-F013-4EAD-9A8A-1FF06D4DED73}.Debug|Any CPU.ActiveCfg = Debug|Any CPU
		{5A456938-F013-4EAD-9A8A-1FF06D4DED73}.Debug|Any CPU.Build.0 = Debug|Any CPU
		{5A456938-F013-4EAD-9A8A-1FF06D4DED73}.Release|Any CPU.ActiveCfg = Release|Any CPU
		{5A456938-F013-4EAD-9A8A-1FF06D4DED73}.Release|Any CPU.Build.0 = Release|Any CPU
	EndGlobalSection
	GlobalSection(SolutionProperties) = preSolution
		HideSolutionNode = FALSE
	EndGlobalSection
	GlobalSection(ExtensibilityGlobals) = postSolution
		SolutionGuid = {DFE8B6D8-C72D-4904-922B-A4FD65FE7076}
	EndGlobalSection
EndGlobal
